
Microsoft Visual Studio Solution File, Format Version 12.00
# Visual Studio Version 17
VisualStudioVersion = 17.3.32929.385
MinimumVisualStudioVersion = 10.0.40219.1
Project("{FAE04EC0-301F-11D3-BF4B-00C04F79EFBC}") = "projetTest1", "projetTest1\projetTest1.csproj", "{94E5DBD4-B9DF-4037-BC3D-7E59E85496FE}"
EndProject
Global
	GlobalSection(SolutionConfigurationPlatforms) = preSolution
		Debug|Any CPU = Debug|Any CPU
		Release|Any CPU = Release|Any CPU
	EndGlobalSection
	GlobalSection(ProjectConfigurationPlatforms) = postSolution
		{94E5DBD4-B9DF-4037-BC3D-7E59E85496FE}.Debug|Any CPU.ActiveCfg = Debug|Any CPU
		{94E5DBD4-B9DF-4037-BC3D-7E59E85496FE}.Debug|Any CPU.Build.0 = Debug|Any CPU
		{94E5DBD4-B9DF-4037-BC3D-7E59E85496FE}.Release|Any CPU.ActiveCfg = Release|Any CPU
		{94E5DBD4-B9DF-4037-BC3D-7E59E85496FE}.Release|Any CPU.Build.0 = Release|Any CPU
	EndGlobalSection
	GlobalSection(SolutionProperties) = preSolution
		HideSolutionNode = FALSE
	EndGlobalSection
	GlobalSection(ExtensibilityGlobals) = postSolution
		SolutionGuid = {05EA9591-932B-4528-9905-576F75FA4A31}
	EndGlobalSection
EndGlobal
